// !$*UTF8*$!
{
	archiveVersion = 1;
	classes = {
	};
	objectVersion = 46;
	objects = {

/* Begin PBXBuildFile section */
		F6648E5B1AF5874B00AC7E8D /* main.m in Sources */ = {isa = PBXBuildFile; fileRef = F6648E5A1AF5874B00AC7E8D /* main.m */; };
		F6648E5E1AF5874B00AC7E8D /* AppDelegate.m in Sources */ = {isa = PBXBuildFile; fileRef = F6648E5D1AF5874B00AC7E8D /* AppDelegate.m */; };
		F6648E611AF5874B00AC7E8D /* ViewController.m in Sources */ = {isa = PBXBuildFile; fileRef = F6648E601AF5874B00AC7E8D /* ViewController.m */; };
		F6648E641AF5874B00AC7E8D /* Main.storyboard in Resources */ = {isa = PBXBuildFile; fileRef = F6648E621AF5874B00AC7E8D /* Main.storyboard */; };
		F6648E661AF5874B00AC7E8D /* Images.xcassets in Resources */ = {isa = PBXBuildFile; fileRef = F6648E651AF5874B00AC7E8D /* Images.xcassets */; };
		F6648E691AF5874B00AC7E8D /* LaunchScreen.xib in Resources */ = {isa = PBXBuildFile; fileRef = F6648E671AF5874B00AC7E8D /* LaunchScreen.xib */; };
		F6648E751AF5874B00AC7E8D /* Purview3Tests.m in Sources */ = {isa = PBXBuildFile; fileRef = F6648E741AF5874B00AC7E8D /* Purview3Tests.m */; };
/* End PBXBuildFile section */

/* Begin PBXContainerItemProxy section */
		F6648E6F1AF5874B00AC7E8D /* PBXContainerItemProxy */ = {
			isa = PBXContainerItemProxy;
			containerPortal = F6648E4D1AF5874B00AC7E8D /* Project object */;
			proxyType = 1;
			remoteGlobalIDString = F6648E541AF5874B00AC7E8D;
			remoteInfo = Purview3;
		};
/* End PBXContainerItemProxy section */

/* Begin PBXFileReference section */
		F6648E551AF5874B00AC7E8D /* Purview3.app */ = {isa = PBXFileReference; explicitFileType = wrapper.application; includeInIndex = 0; path = Purview3.app; sourceTree = BUILT_PRODUCTS_DIR; };
		F6648E591AF5874B00AC7E8D /* Info.plist */ = {isa = PBXFileReference; lastKnownFileType = text.plist.xml; path = Info.plist; sourceTree = "<group>"; };
		F6648E5A1AF5874B00AC7E8D /* main.m */ = {isa = PBXFileReference; lastKnownFileType = sourcecode.c.objc; path = main.m; sourceTree = "<group>"; };
		F6648E5C1AF5874B00AC7E8D /* AppDelegate.h */ = {isa = PBXFileReference; lastKnownFileType = sourcecode.c.h; path = AppDelegate.h; sourceTree = "<group>"; };
		F6648E5D1AF5874B00AC7E8D /* AppDelegate.m */ = {isa = PBXFileReference; lastKnownFileType = sourcecode.c.objc; path = AppDelegate.m; sourceTree = "<group>"; };
		F6648E5F1AF5874B00AC7E8D /* ViewController.h */ = {isa = PBXFileReference; lastKnownFileType = sourcecode.c.h; path = ViewController.h; sourceTree = "<group>"; };
		F6648E601AF5874B00AC7E8D /* ViewController.m */ = {isa = PBXFileReference; lastKnownFileType = sourcecode.c.objc; path = ViewController.m; sourceTree = "<group>"; };
		F6648E631AF5874B00AC7E8D /* Base */ = {isa = PBXFileReference; lastKnownFileType = file.storyboard; name = Base; path = Base.lproj/Main.storyboard; sourceTree = "<group>"; };
		F6648E651AF5874B00AC7E8D /* Images.xcassets */ = {isa = PBXFileReference; lastKnownFileType = folder.assetcatalog; path = Images.xcassets; sourceTree = "<group>"; };
		F6648E681AF5874B00AC7E8D /* Base */ = {isa = PBXFileReference; lastKnownFileType = file.xib; name = Base; path = Base.lproj/LaunchScreen.xib; sourceTree = "<group>"; };
		F6648E6E1AF5874B00AC7E8D /* Purview3Tests.xctest */ = {isa = PBXFileReference; explicitFileType = wrapper.cfbundle; includeInIndex = 0; path = Purview3Tests.xctest; sourceTree = BUILT_PRODUCTS_DIR; };
		F6648E731AF5874B00AC7E8D /* Info.plist */ = {isa = PBXFileReference; lastKnownFileType = text.plist.xml; path = Info.plist; sourceTree = "<group>"; };
		F6648E741AF5874B00AC7E8D /* Purview3Tests.m */ = {isa = PBXFileReference; lastKnownFileType = sourcecode.c.objc; path = Purview3Tests.m; sourceTree = "<group>"; };
/* End PBXFileReference section */

/* Begin PBXFrameworksBuildPhase section */
		F6648E521AF5874B00AC7E8D /* Frameworks */ = {
			isa = PBXFrameworksBuildPhase;
			buildActionMask = 2147483647;
			files = (
			);
			runOnlyForDeploymentPostprocessing = 0;
		};
		F6648E6B1AF5874B00AC7E8D /* Frameworks */ = {
			isa = PBXFrameworksBuildPhase;
			buildActionMask = 2147483647;
			files = (
			);
			runOnlyForDeploymentPostprocessing = 0;
		};
/* End PBXFrameworksBuildPhase section */

/* Begin PBXGroup section */
		F6648E4C1AF5874B00AC7E8D = {
			isa = PBXGroup;
			children = (
				F6648E571AF5874B00AC7E8D /* Purview3 */,
				F6648E711AF5874B00AC7E8D /* Purview3Tests */,
				F6648E561AF5874B00AC7E8D /* Products */,
			);
			sourceTree = "<group>";
		};
		F6648E561AF5874B00AC7E8D /* Products */ = {
			isa = PBXGroup;
			children = (
				F6648E551AF5874B00AC7E8D /* Purview3.app */,
				F6648E6E1AF5874B00AC7E8D /* Purview3Tests.xctest */,
			);
			name = Products;
			sourceTree = "<group>";
		};
		F6648E571AF5874B00AC7E8D /* Purview3 */ = {
			isa = PBXGroup;
			children = (
				F6648E5C1AF5874B00AC7E8D /* AppDelegate.h */,
				F6648E5D1AF5874B00AC7E8D /* AppDelegate.m */,
				F6648E5F1AF5874B00AC7E8D /* ViewController.h */,
				F6648E601AF5874B00AC7E8D /* ViewController.m */,
				F6648E621AF5874B00AC7E8D /* Main.storyboard */,
				F6648E651AF5874B00AC7E8D /* Images.xcassets */,
				F6648E671AF5874B00AC7E8D /* LaunchScreen.xib */,
				F6648E581AF5874B00AC7E8D /* Supporting Files */,
			);
			path = Purview3;
			sourceTree = "<group>";
		};
		F6648E581AF5874B00AC7E8D /* Supporting Files */ = {
			isa = PBXGroup;
			children = (
				F6648E591AF5874B00AC7E8D /* Info.plist */,
				F6648E5A1AF5874B00AC7E8D /* main.m */,
			);
			name = "Supporting Files";
			sourceTree = "<group>";
		};
		F6648E711AF5874B00AC7E8D /* Purview3Tests */ = {
			isa = PBXGroup;
			children = (
				F6648E741AF5874B00AC7E8D /* Purview3Tests.m */,
				F6648E721AF5874B00AC7E8D /* Supporting Files */,
			);
			path = Purview3Tests;
			sourceTree = "<group>";
		};
		F6648E721AF5874B00AC7E8D /* Supporting Files */ = {
			isa = PBXGroup;
			children = (
				F6648E731AF5874B00AC7E8D /* Info.plist */,
			);
			name = "Supporting Files";
			sourceTree = "<group>";
		};
/* End PBXGroup section */

/* Begin PBXNativeTarget section */
		F6648E541AF5874B00AC7E8D /* Purview3 */ = {
			isa = PBXNativeTarget;
			buildConfigurationList = F6648E781AF5874B00AC7E8D /* Build configuration list for PBXNativeTarget "Purview3" */;
			buildPhases = (
				F6648E511AF5874B00AC7E8D /* Sources */,
				F6648E521AF5874B00AC7E8D /* Frameworks */,
				F6648E531AF5874B00AC7E8D /* Resources */,
			);
			buildRules = (
			);
			dependencies = (
			);
			name = Purview3;
			productName = Purview3;
			productReference = F6648E551AF5874B00AC7E8D /* Purview3.app */;
			productType = "com.apple.product-type.application";
		};
		F6648E6D1AF5874B00AC7E8D /* Purview3Tests */ = {
			isa = PBXNativeTarget;
			buildConfigurationList = F6648E7B1AF5874B00AC7E8D /* Build configuration list for PBXNativeTarget "Purview3Tests" */;
			buildPhases = (
				F6648E6A1AF5874B00AC7E8D /* Sources */,
				F6648E6B1AF5874B00AC7E8D /* Frameworks */,
				F6648E6C1AF5874B00AC7E8D /* Resources */,
			);
			buildRules = (
			);
			dependencies = (
				F6648E701AF5874B00AC7E8D /* PBXTargetDependency */,
			);
			name = Purview3Tests;
			productName = Purview3Tests;
			productReference = F6648E6E1AF5874B00AC7E8D /* Purview3Tests.xctest */;
			productType = "com.apple.product-type.bundle.unit-test";
		};
/* End PBXNativeTarget section */

/* Begin PBXProject section */
		F6648E4D1AF5874B00AC7E8D /* Project object */ = {
			isa = PBXProject;
			attributes = {
				LastUpgradeCheck = 0630;
				ORGANIZATIONNAME = 100x;
				TargetAttributes = {
					F6648E541AF5874B00AC7E8D = {
						CreatedOnToolsVersion = 6.3.1;
					};
					F6648E6D1AF5874B00AC7E8D = {
						CreatedOnToolsVersion = 6.3.1;
						TestTargetID = F6648E541AF5874B00AC7E8D;
					};
				};
			};
			buildConfigurationList = F6648E501AF5874B00AC7E8D /* Build configuration list for PBXProject "Purview3" */;
			compatibilityVersion = "Xcode 3.2";
			developmentRegion = English;
			hasScannedForEncodings = 0;
			knownRegions = (
				en,
				Base,
			);
			mainGroup = F6648E4C1AF5874B00AC7E8D;
			productRefGroup = F6648E561AF5874B00AC7E8D /* Products */;
			projectDirPath = "";
			projectRoot = "";
			targets = (
				F6648E541AF5874B00AC7E8D /* Purview3 */,
				F6648E6D1AF5874B00AC7E8D /* Purview3Tests */,
			);
		};
/* End PBXProject section */

/* Begin PBXResourcesBuildPhase section */
		F6648E531AF5874B00AC7E8D /* Resources */ = {
			isa = PBXResourcesBuildPhase;
			buildActionMask = 2147483647;
			files = (
				F6648E641AF5874B00AC7E8D /* Main.storyboard in Resources */,
				F6648E691AF5874B00AC7E8D /* LaunchScreen.xib in Resources */,
				F6648E661AF5874B00AC7E8D /* Images.xcassets in Resources */,
			);
			runOnlyForDeploymentPostprocessing = 0;
		};
		F6648E6C1AF5874B00AC7E8D /* Resources */ = {
			isa = PBXResourcesBuildPhase;
			buildActionMask = 2147483647;
			files = (
			);
			runOnlyForDeploymentPostprocessing = 0;
		};
/* End PBXResourcesBuildPhase section */

/* Begin PBXSourcesBuildPhase section */
		F6648E511AF5874B00AC7E8D /* Sources */ = {
			isa = PBXSourcesBuildPhase;
			buildActionMask = 2147483647;
			files = (
				F6648E611AF5874B00AC7E8D /* ViewController.m in Sources */,
				F6648E5E1AF5874B00AC7E8D /* AppDelegate.m in Sources */,
				F6648E5B1AF5874B00AC7E8D /* main.m in Sources */,
			);
			runOnlyForDeploymentPostprocessing = 0;
		};
		F6648E6A1AF5874B00AC7E8D /* Sources */ = {
			isa = PBXSourcesBuildPhase;
			buildActionMask = 2147483647;
			files = (
				F6648E751AF5874B00AC7E8D /* Purview3Tests.m in Sources */,
			);
			runOnlyForDeploymentPostprocessing = 0;
		};
/* End PBXSourcesBuildPhase section */

/* Begin PBXTargetDependency section */
		F6648E701AF5874B00AC7E8D /* PBXTargetDependency */ = {
			isa = PBXTargetDependency;
			target = F6648E541AF5874B00AC7E8D /* Purview3 */;
			targetProxy = F6648E6F1AF5874B00AC7E8D /* PBXContainerItemProxy */;
		};
/* End PBXTargetDependency section */

/* Begin PBXVariantGroup section */
		F6648E621AF5874B00AC7E8D /* Main.storyboard */ = {
			isa = PBXVariantGroup;
			children = (
				F6648E631AF5874B00AC7E8D /* Base */,
			);
			name = Main.storyboard;
			sourceTree = "<group>";
		};
		F6648E671AF5874B00AC7E8D /* LaunchScreen.xib */ = {
			isa = PBXVariantGroup;
			children = (
				F6648E681AF5874B00AC7E8D /* Base */,
			);
			name = LaunchScreen.xib;
			sourceTree = "<group>";
		};
/* End PBXVariantGroup section */

/* Begin XCBuildConfiguration section */
		F6648E761AF5874B00AC7E8D /* Debug */ = {
			isa = XCBuildConfiguration;
			buildSettings = {
				ALWAYS_SEARCH_USER_PATHS = NO;
				CLANG_CXX_LANGUAGE_STANDARD = "gnu++0x";
				CLANG_CXX_LIBRARY = "libc++";
				CLANG_ENABLE_MODULES = YES;
				CLANG_ENABLE_OBJC_ARC = YES;
				CLANG_WARN_BOOL_CONVERSION = YES;
				CLANG_WARN_CONSTANT_CONVERSION = YES;
				CLANG_WARN_DIRECT_OBJC_ISA_USAGE = YES_ERROR;
				CLANG_WARN_EMPTY_BODY = YES;
				CLANG_WARN_ENUM_CONVERSION = YES;
				CLANG_WARN_INT_CONVERSION = YES;
				CLANG_WARN_OBJC_ROOT_CLASS = YES_ERROR;
				CLANG_WARN_UNREACHABLE_CODE = YES;
				CLANG_WARN__DUPLICATE_METHOD_MATCH = YES;
				"CODE_SIGN_IDENTITY[sdk=iphoneos*]" = "iPhone Developer";
				COPY_PHASE_STRIP = NO;
				DEBUG_INFORMATION_FORMAT = "dwarf-with-dsym";
				ENABLE_STRICT_OBJC_MSGSEND = YES;
				GCC_C_LANGUAGE_STANDARD = gnu99;
				GCC_DYNAMIC_NO_PIC = NO;
				GCC_NO_COMMON_BLOCKS = YES;
				GCC_OPTIMIZATION_LEVEL = 0;
				GCC_PREPROCESSOR_DEFINITIONS = (
					"DEBUG=1",
					"$(inherited)",
				);
				GCC_SYMBOLS_PRIVATE_EXTERN = NO;
				GCC_WARN_64_TO_32_BIT_CONVERSION = YES;
				GCC_WARN_ABOUT_RETURN_TYPE = YES_ERROR;
				GCC_WARN_UNDECLARED_SELECTOR = YES;
				GCC_WARN_UNINITIALIZED_AUTOS = YES_AGGRESSIVE;
				GCC_WARN_UNUSED_FUNCTION = YES;
				GCC_WARN_UNUSED_VARIABLE = YES;
				IPHONEOS_DEPLOYMENT_TARGET = 8.3;
				MTL_ENABLE_DEBUG_INFO = YES;
				ONLY_ACTIVE_ARCH = YES;
				SDKROOT = iphoneos;
			};
			name = Debug;
		};
		F6648E771AF5874B00AC7E8D /* Release */ = {
			isa = XCBuildConfiguration;
			buildSettings = {
				ALWAYS_SEARCH_USER_PATHS = NO;
				CLANG_CXX_LANGUAGE_STANDARD = "gnu++0x";
				CLANG_CXX_LIBRARY = "libc++";
				CLANG_ENABLE_MODULES = YES;
				CLANG_ENABLE_OBJC_ARC = YES;
				CLANG_WARN_BOOL_CONVERSION = YES;
				CLANG_WARN_CONSTANT_CONVERSION = YES;
				CLANG_WARN_DIRECT_OBJC_ISA_USAGE = YES_ERROR;
				CLANG_WARN_EMPTY_BODY = YES;
				CLANG_WARN_ENUM_CONVERSION = YES;
				CLANG_WARN_INT_CONVERSION = YES;
				CLANG_WARN_OBJC_ROOT_CLASS = YES_ERROR;
				CLANG_WARN_UNREACHABLE_CODE = YES;
				CLANG_WARN__DUPLICATE_METHOD_MATCH = YES;
				"CODE_SIGN_IDENTITY[sdk=iphoneos*]" = "iPhone Developer";
				COPY_PHASE_STRIP = NO;
				DEBUG_INFORMATION_FORMAT = "dwarf-with-dsym";
				ENABLE_NS_ASSERTIONS = NO;
				ENABLE_STRICT_OBJC_MSGSEND = YES;
				GCC_C_LANGUAGE_STANDARD = gnu99;
				GCC_NO_COMMON_BLOCKS = YES;
				GCC_WARN_64_TO_32_BIT_CONVERSION = YES;
				GCC_WARN_ABOUT_RETURN_TYPE = YES_ERROR;
				GCC_WARN_UNDECLARED_SELECTOR = YES;
				GCC_WARN_UNINITIALIZED_AUTOS = YES_AGGRESSIVE;
				GCC_WARN_UNUSED_FUNCTION = YES;
				GCC_WARN_UNUSED_VARIABLE = YES;
				IPHONEOS_DEPLOYMENT_TARGET = 8.3;
				MTL_ENABLE_DEBUG_INFO = NO;
				SDKROOT = iphoneos;
				VALIDATE_PRODUCT = YES;
			};
			name = Release;
		};
		F6648E791AF5874B00AC7E8D /* Debug */ = {
			isa = XCBuildConfiguration;
			buildSettings = {
				ASSETCATALOG_COMPILER_APPICON_NAME = AppIcon;
				INFOPLIST_FILE = Purview3/Info.plist;
				LD_RUNPATH_SEARCH_PATHS = "$(inherited) @executable_path/Frameworks";
				PRODUCT_NAME = "$(TARGET_NAME)";
			};
			name = Debug;
		};
		F6648E7A1AF5874B00AC7E8D /* Release */ = {
			isa = XCBuildConfiguration;
			buildSettings = {
				ASSETCATALOG_COMPILER_APPICON_NAME = AppIcon;
				INFOPLIST_FILE = Purview3/Info.plist;
				LD_RUNPATH_SEARCH_PATHS = "$(inherited) @executable_path/Frameworks";
				PRODUCT_NAME = "$(TARGET_NAME)";
			};
			name = Release;
		};
		F6648E7C1AF5874B00AC7E8D /* Debug */ = {
			isa = XCBuildConfiguration;
			buildSettings = {
				BUNDLE_LOADER = "$(TEST_HOST)";
				FRAMEWORK_SEARCH_PATHS = (
					"$(SDKROOT)/Developer/Library/Frameworks",
					"$(inherited)",
				);
				GCC_PREPROCESSOR_DEFINITIONS = (
					"DEBUG=1",
					"$(inherited)",
				);
				INFOPLIST_FILE = Purview3Tests/Info.plist;
				LD_RUNPATH_SEARCH_PATHS = "$(inherited) @executable_path/Frameworks @loader_path/Frameworks";
				PRODUCT_NAME = "$(TARGET_NAME)";
				TEST_HOST = "$(BUILT_PRODUCTS_DIR)/Purview3.app/Purview3";
			};
			name = Debug;
		};
		F6648E7D1AF5874B00AC7E8D /* Release */ = {
			isa = XCBuildConfiguration;
			buildSettings = {
				BUNDLE_LOADER = "$(TEST_HOST)";
				FRAMEWORK_SEARCH_PATHS = (
					"$(SDKROOT)/Developer/Library/Frameworks",
					"$(inherited)",
				);
				INFOPLIST_FILE = Purview3Tests/Info.plist;
				LD_RUNPATH_SEARCH_PATHS = "$(inherited) @executable_path/Frameworks @loader_path/Frameworks";
				PRODUCT_NAME = "$(TARGET_NAME)";
				TEST_HOST = "$(BUILT_PRODUCTS_DIR)/Purview3.app/Purview3";
			};
			name = Release;
		};
/* End XCBuildConfiguration section */

/* Begin XCConfigurationList section */
		F6648E501AF5874B00AC7E8D /* Build configuration list for PBXProject "Purview3" */ = {
			isa = XCConfigurationList;
			buildConfigurations = (
				F6648E761AF5874B00AC7E8D /* Debug */,
				F6648E771AF5874B00AC7E8D /* Release */,
			);
			defaultConfigurationIsVisible = 0;
			defaultConfigurationName = Release;
		};
		F6648E781AF5874B00AC7E8D /* Build configuration list for PBXNativeTarget "Purview3" */ = {
			isa = XCConfigurationList;
			buildConfigurations = (
				F6648E791AF5874B00AC7E8D /* Debug */,
				F6648E7A1AF5874B00AC7E8D /* Release */,
			);
			defaultConfigurationIsVisible = 0;
		};
		F6648E7B1AF5874B00AC7E8D /* Build configuration list for PBXNativeTarget "Purview3Tests" */ = {
			isa = XCConfigurationList;
			buildConfigurations = (
				F6648E7C1AF5874B00AC7E8D /* Debug */,
				F6648E7D1AF5874B00AC7E8D /* Release */,
			);
			defaultConfigurationIsVisible = 0;
		};
/* End XCConfigurationList section */
	};
	rootObject = F6648E4D1AF5874B00AC7E8D /* Project object */;
}
